
Microsoft Visual Studio Solution File, Format Version 12.00
# Visual Studio 14
VisualStudioVersion = 14.0.25420.1
MinimumVisualStudioVersion = 10.0.40219.1
Project("{FAE04EC0-301F-11D3-BF4B-00C04F79EFBC}") = "AmRoMessageDialog", "AmRoMessageDialog\AmRoMessageDialog.csproj", "{5823B990-66F0-464C-9627-0E2F3C556346}"
EndProject
Project("{FAE04EC0-301F-11D3-BF4B-00C04F79EFBC}") = "AmRoMessageDialog.Demo", "AmRoMessageDialog.Demo\AmRoMessageDialog.Demo.csproj", "{48C83E22-02C2-4CAC-81DF-C27EEC869369}"
EndProject
Global
	GlobalSection(SolutionConfigurationPlatforms) = preSolution
		Debug|Any CPU = Debug|Any CPU
		Release|Any CPU = Release|Any CPU
	EndGlobalSection
	GlobalSection(ProjectConfigurationPlatforms) = postSolution
		{5823B990-66F0-464C-9627-0E2F3C556346}.Debug|Any CPU.ActiveCfg = Debug|Any CPU
		{5823B990-66F0-464C-9627-0E2F3C556346}.Debug|Any CPU.Build.0 = Debug|Any CPU
		{5823B990-66F0-464C-9627-0E2F3C556346}.Release|Any CPU.ActiveCfg = Release|Any CPU
		{5823B990-66F0-464C-9627-0E2F3C556346}.Release|Any CPU.Build.0 = Release|Any CPU
		{48C83E22-02C2-4CAC-81DF-C27EEC869369}.Debug|Any CPU.ActiveCfg = Debug|Any CPU
		{48C83E22-02C2-4CAC-81DF-C27EEC869369}.Debug|Any CPU.Build.0 = Debug|Any CPU
		{48C83E22-02C2-4CAC-81DF-C27EEC869369}.Release|Any CPU.ActiveCfg = Release|Any CPU
		{48C83E22-02C2-4CAC-81DF-C27EEC869369}.Release|Any CPU.Build.0 = Release|Any CPU
	EndGlobalSection
	GlobalSection(SolutionProperties) = preSolution
		HideSolutionNode = FALSE
	EndGlobalSection
EndGlobal
